
Microsoft Visual Studio Solution File, Format Version 12.00
# Visual Studio 15
VisualStudioVersion = 15.0.28010.2046
MinimumVisualStudioVersion = 10.0.40219.1
Project("{FAE04EC0-301F-11D3-BF4B-00C04F79EFBC}") = "TeduShop.Common", "TeduShop.Common\TeduShop.Common.csproj", "{66EE52B1-0FB7-4EBA-BABD-D23895F4A035}"
EndProject
Project("{FAE04EC0-301F-11D3-BF4B-00C04F79EFBC}") = "TeduShop.Data", "TeduShop.Data\TeduShop.Data.csproj", "{8820E6AD-6FDB-4901-BCB6-B0DA34D7D269}"
EndProject
Project("{FAE04EC0-301F-11D3-BF4B-00C04F79EFBC}") = "TeduShop.Model", "TeduShop.Model\TeduShop.Model.csproj", "{26DFB42E-6EB2-46C5-BCA0-0012E82B0F97}"
EndProject
Project("{FAE04EC0-301F-11D3-BF4B-00C04F79EFBC}") = "TeduShop.UnitText", "TeduShop.UnitText\TeduShop.UnitText.csproj", "{44DEACAF-AE1D-407A-8654-307C404F295F}"
EndProject
Project("{FAE04EC0-301F-11D3-BF4B-00C04F79EFBC}") = "TeduShop.Wed", "TeduShop.Wed\TeduShop.Wed.csproj", "{04849547-A38A-44C1-9F7B-6A87A18EE521}"
EndProject
Project("{FAE04EC0-301F-11D3-BF4B-00C04F79EFBC}") = "TeduShop.Service", "TeduShop.Service\TeduShop.Service.csproj", "{6BECDF02-CDE7-4825-9BF3-ABF9EF70CEBC}"
EndProject
Global
	GlobalSection(SolutionConfigurationPlatforms) = preSolution
		Debug|Any CPU = Debug|Any CPU
		Release|Any CPU = Release|Any CPU
	EndGlobalSection
	GlobalSection(ProjectConfigurationPlatforms) = postSolution
		{66EE52B1-0FB7-4EBA-BABD-D23895F4A035}.Debug|Any CPU.ActiveCfg = Debug|Any CPU
		{66EE52B1-0FB7-4EBA-BABD-D23895F4A035}.Debug|Any CPU.Build.0 = Debug|Any CPU
		{66EE52B1-0FB7-4EBA-BABD-D23895F4A035}.Release|Any CPU.ActiveCfg = Release|Any CPU
		{66EE52B1-0FB7-4EBA-BABD-D23895F4A035}.Release|Any CPU.Build.0 = Release|Any CPU
		{8820E6AD-6FDB-4901-BCB6-B0DA34D7D269}.Debug|Any CPU.ActiveCfg = Debug|Any CPU
		{8820E6AD-6FDB-4901-BCB6-B0DA34D7D269}.Debug|Any CPU.Build.0 = Debug|Any CPU
		{8820E6AD-6FDB-4901-BCB6-B0DA34D7D269}.Release|Any CPU.ActiveCfg = Release|Any CPU
		{8820E6AD-6FDB-4901-BCB6-B0DA34D7D269}.Release|Any CPU.Build.0 = Release|Any CPU
		{26DFB42E-6EB2-46C5-BCA0-0012E82B0F97}.Debug|Any CPU.ActiveCfg = Debug|Any CPU
		{26DFB42E-6EB2-46C5-BCA0-0012E82B0F97}.Debug|Any CPU.Build.0 = Debug|Any CPU
		{26DFB42E-6EB2-46C5-BCA0-0012E82B0F97}.Release|Any CPU.ActiveCfg = Release|Any CPU
		{26DFB42E-6EB2-46C5-BCA0-0012E82B0F97}.Release|Any CPU.Build.0 = Release|Any CPU
		{44DEACAF-AE1D-407A-8654-307C404F295F}.Debug|Any CPU.ActiveCfg = Debug|Any CPU
		{44DEACAF-AE1D-407A-8654-307C404F295F}.Debug|Any CPU.Build.0 = Debug|Any CPU
		{44DEACAF-AE1D-407A-8654-307C404F295F}.Release|Any CPU.ActiveCfg = Release|Any CPU
		{44DEACAF-AE1D-407A-8654-307C404F295F}.Release|Any CPU.Build.0 = Release|Any CPU
		{04849547-A38A-44C1-9F7B-6A87A18EE521}.Debug|Any CPU.ActiveCfg = Debug|Any CPU
		{04849547-A38A-44C1-9F7B-6A87A18EE521}.Debug|Any CPU.Build.0 = Debug|Any CPU
		{04849547-A38A-44C1-9F7B-6A87A18EE521}.Release|Any CPU.ActiveCfg = Release|Any CPU
		{04849547-A38A-44C1-9F7B-6A87A18EE521}.Release|Any CPU.Build.0 = Release|Any CPU
		{6BECDF02-CDE7-4825-9BF3-ABF9EF70CEBC}.Debug|Any CPU.ActiveCfg = Debug|Any CPU
		{6BECDF02-CDE7-4825-9BF3-ABF9EF70CEBC}.Debug|Any CPU.Build.0 = Debug|Any CPU
		{6BECDF02-CDE7-4825-9BF3-ABF9EF70CEBC}.Release|Any CPU.ActiveCfg = Release|Any CPU
		{6BECDF02-CDE7-4825-9BF3-ABF9EF70CEBC}.Release|Any CPU.Build.0 = Release|Any CPU
	EndGlobalSection
	GlobalSection(SolutionProperties) = preSolution
		HideSolutionNode = FALSE
	EndGlobalSection
	GlobalSection(ExtensibilityGlobals) = postSolution
		SolutionGuid = {F5A73842-2E54-43A6-9C79-EC7ECFB26C9F}
	EndGlobalSection
EndGlobal
